
Microsoft Visual Studio Solution File, Format Version 12.00
# Visual Studio 15
VisualStudioVersion = 15.0.28307.168
MinimumVisualStudioVersion = 10.0.40219.1
Project("{FAE04EC0-301F-11D3-BF4B-00C04F79EFBC}") = "Calculate Averages", "Calculate Averages\Calculate Averages.csproj", "{788C8DD8-08CE-4C44-BB93-B9051438C8AB}"
EndProject
Global
	GlobalSection(SolutionConfigurationPlatforms) = preSolution
		Debug|Any CPU = Debug|Any CPU
		Release|Any CPU = Release|Any CPU
	EndGlobalSection
	GlobalSection(ProjectConfigurationPlatforms) = postSolution
		{788C8DD8-08CE-4C44-BB93-B9051438C8AB}.Debug|Any CPU.ActiveCfg = Debug|Any CPU
		{788C8DD8-08CE-4C44-BB93-B9051438C8AB}.Debug|Any CPU.Build.0 = Debug|Any CPU
		{788C8DD8-08CE-4C44-BB93-B9051438C8AB}.Release|Any CPU.ActiveCfg = Release|Any CPU
		{788C8DD8-08CE-4C44-BB93-B9051438C8AB}.Release|Any CPU.Build.0 = Release|Any CPU
	EndGlobalSection
	GlobalSection(SolutionProperties) = preSolution
		HideSolutionNode = FALSE
	EndGlobalSection
	GlobalSection(ExtensibilityGlobals) = postSolution
		SolutionGuid = {4454E84D-8F5E-4F1C-99C0-F0C03D75FF63}
	EndGlobalSection
EndGlobal
